// !$*UTF8*$!
{
	archiveVersion = 1;
	classes = {
	};
	objectVersion = 56;
	objects = {

/* Begin PBXBuildFile section */
		1564743A29CA51AB00964CA6 /* MacGPTApp.swift in Sources */ = {isa = PBXBuildFile; fileRef = 1564743929CA51AB00964CA6 /* MacGPTApp.swift */; };
		1564743C29CA51AB00964CA6 /* ContentView.swift in Sources */ = {isa = PBXBuildFile; fileRef = 1564743B29CA51AB00964CA6 /* ContentView.swift */; };
		1564743E29CA51AC00964CA6 /* Assets.xcassets in Resources */ = {isa = PBXBuildFile; fileRef = 1564743D29CA51AC00964CA6 /* Assets.xcassets */; };
		1564744129CA51AC00964CA6 /* Preview Assets.xcassets in Resources */ = {isa = PBXBuildFile; fileRef = 1564744029CA51AC00964CA6 /* Preview Assets.xcassets */; };
		1564744A29CA51CC00964CA6 /* ChatGPTSwift in Frameworks */ = {isa = PBXBuildFile; productRef = 1564744929CA51CC00964CA6 /* ChatGPTSwift */; };
		1564744C29CA523C00964CA6 /* SettingsView.swift in Sources */ = {isa = PBXBuildFile; fileRef = 1564744B29CA523C00964CA6 /* SettingsView.swift */; };
		1564744E29CA8FD900964CA6 /* Interactor.swift in Sources */ = {isa = PBXBuildFile; fileRef = 1564744D29CA8FD900964CA6 /* Interactor.swift */; };
		1564745029CA8FF700964CA6 /* DesignTimeInteractor.swift in Sources */ = {isa = PBXBuildFile; fileRef = 1564744F29CA8FF700964CA6 /* DesignTimeInteractor.swift */; };
		1564745329CA984000964CA6 /* ChatBot.swift in Sources */ = {isa = PBXBuildFile; fileRef = 1564745229CA984000964CA6 /* ChatBot.swift */; };
/* End PBXBuildFile section */

/* Begin PBXFileReference section */
		1564743629CA51AB00964CA6 /* MacGPT.app */ = {isa = PBXFileReference; explicitFileType = wrapper.application; includeInIndex = 0; path = MacGPT.app; sourceTree = BUILT_PRODUCTS_DIR; };
		1564743929CA51AB00964CA6 /* MacGPTApp.swift */ = {isa = PBXFileReference; lastKnownFileType = sourcecode.swift; path = MacGPTApp.swift; sourceTree = "<group>"; };
		1564743B29CA51AB00964CA6 /* ContentView.swift */ = {isa = PBXFileReference; lastKnownFileType = sourcecode.swift; path = ContentView.swift; sourceTree = "<group>"; };
		1564743D29CA51AC00964CA6 /* Assets.xcassets */ = {isa = PBXFileReference; lastKnownFileType = folder.assetcatalog; path = Assets.xcassets; sourceTree = "<group>"; };
		1564744029CA51AC00964CA6 /* Preview Assets.xcassets */ = {isa = PBXFileReference; lastKnownFileType = folder.assetcatalog; path = "Preview Assets.xcassets"; sourceTree = "<group>"; };
		1564744229CA51AC00964CA6 /* MacGPT.entitlements */ = {isa = PBXFileReference; lastKnownFileType = text.plist.entitlements; path = MacGPT.entitlements; sourceTree = "<group>"; };
		1564744B29CA523C00964CA6 /* SettingsView.swift */ = {isa = PBXFileReference; lastKnownFileType = sourcecode.swift; path = SettingsView.swift; sourceTree = "<group>"; };
		1564744D29CA8FD900964CA6 /* Interactor.swift */ = {isa = PBXFileReference; lastKnownFileType = sourcecode.swift; path = Interactor.swift; sourceTree = "<group>"; };
		1564744F29CA8FF700964CA6 /* DesignTimeInteractor.swift */ = {isa = PBXFileReference; lastKnownFileType = sourcecode.swift; path = DesignTimeInteractor.swift; sourceTree = "<group>"; };
		1564745229CA984000964CA6 /* ChatBot.swift */ = {isa = PBXFileReference; lastKnownFileType = sourcecode.swift; path = ChatBot.swift; sourceTree = "<group>"; };
/* End PBXFileReference section */

/* Begin PBXFrameworksBuildPhase section */
		1564743329CA51AB00964CA6 /* Frameworks */ = {
			isa = PBXFrameworksBuildPhase;
			buildActionMask = 2147483647;
			files = (
				1564744A29CA51CC00964CA6 /* ChatGPTSwift in Frameworks */,
			);
			runOnlyForDeploymentPostprocessing = 0;
		};
/* End PBXFrameworksBuildPhase section */

/* Begin PBXGroup section */
		1564742D29CA51AB00964CA6 = {
			isa = PBXGroup;
			children = (
				1564743829CA51AB00964CA6 /* MacGPT */,
				1564743729CA51AB00964CA6 /* Products */,
			);
			sourceTree = "<group>";
		};
		1564743729CA51AB00964CA6 /* Products */ = {
			isa = PBXGroup;
			children = (
				1564743629CA51AB00964CA6 /* MacGPT.app */,
			);
			name = Products;
			sourceTree = "<group>";
		};
		1564743829CA51AB00964CA6 /* MacGPT */ = {
			isa = PBXGroup;
			children = (
				1564743929CA51AB00964CA6 /* MacGPTApp.swift */,
				1564744B29CA523C00964CA6 /* SettingsView.swift */,
				1564743B29CA51AB00964CA6 /* ContentView.swift */,
				1564744D29CA8FD900964CA6 /* Interactor.swift */,
				1564744F29CA8FF700964CA6 /* DesignTimeInteractor.swift */,
				1564745129CA983100964CA6 /* ChatBot */,
				1564743D29CA51AC00964CA6 /* Assets.xcassets */,
				1564744229CA51AC00964CA6 /* MacGPT.entitlements */,
				1564743F29CA51AC00964CA6 /* Preview Content */,
			);
			path = MacGPT;
			sourceTree = "<group>";
		};
		1564743F29CA51AC00964CA6 /* Preview Content */ = {
			isa = PBXGroup;
			children = (
				1564744029CA51AC00964CA6 /* Preview Assets.xcassets */,
			);
			path = "Preview Content";
			sourceTree = "<group>";
		};
		1564745129CA983100964CA6 /* ChatBot */ = {
			isa = PBXGroup;
			children = (
				1564745229CA984000964CA6 /* ChatBot.swift */,
			);
			path = ChatBot;
			sourceTree = "<group>";
		};
/* End PBXGroup section */

/* Begin PBXNativeTarget section */
		1564743529CA51AB00964CA6 /* MacGPT */ = {
			isa = PBXNativeTarget;
			buildConfigurationList = 1564744529CA51AC00964CA6 /* Build configuration list for PBXNativeTarget "MacGPT" */;
			buildPhases = (
				1564743229CA51AB00964CA6 /* Sources */,
				1564743329CA51AB00964CA6 /* Frameworks */,
				1564743429CA51AB00964CA6 /* Resources */,
			);
			buildRules = (
			);
			dependencies = (
			);
			name = MacGPT;
			packageProductDependencies = (
				1564744929CA51CC00964CA6 /* ChatGPTSwift */,
			);
			productName = MacGPT;
			productReference = 1564743629CA51AB00964CA6 /* MacGPT.app */;
			productType = "com.apple.product-type.application";
		};
/* End PBXNativeTarget section */

/* Begin PBXProject section */
		1564742E29CA51AB00964CA6 /* Project object */ = {
			isa = PBXProject;
			attributes = {
				BuildIndependentTargetsInParallel = 1;
				LastSwiftUpdateCheck = 1420;
				LastUpgradeCheck = 1420;
				TargetAttributes = {
					1564743529CA51AB00964CA6 = {
						CreatedOnToolsVersion = 14.2;
					};
				};
			};
			buildConfigurationList = 1564743129CA51AB00964CA6 /* Build configuration list for PBXProject "MacGPT" */;
			compatibilityVersion = "Xcode 14.0";
			developmentRegion = en;
			hasScannedForEncodings = 0;
			knownRegions = (
				en,
				Base,
			);
			mainGroup = 1564742D29CA51AB00964CA6;
			packageReferences = (
				1564744829CA51CB00964CA6 /* XCRemoteSwiftPackageReference "ChatGPTSwift" */,
			);
			productRefGroup = 1564743729CA51AB00964CA6 /* Products */;
			projectDirPath = "";
			projectRoot = "";
			targets = (
				1564743529CA51AB00964CA6 /* MacGPT */,
			);
		};
/* End PBXProject section */

/* Begin PBXResourcesBuildPhase section */
		1564743429CA51AB00964CA6 /* Resources */ = {
			isa = PBXResourcesBuildPhase;
			buildActionMask = 2147483647;
			files = (
				1564744129CA51AC00964CA6 /* Preview Assets.xcassets in Resources */,
				1564743E29CA51AC00964CA6 /* Assets.xcassets in Resources */,
			);
			runOnlyForDeploymentPostprocessing = 0;
		};
/* End PBXResourcesBuildPhase section */

/* Begin PBXSourcesBuildPhase section */
		1564743229CA51AB00964CA6 /* Sources */ = {
			isa = PBXSourcesBuildPhase;
			buildActionMask = 2147483647;
			files = (
				1564744C29CA523C00964CA6 /* SettingsView.swift in Sources */,
				1564743C29CA51AB00964CA6 /* ContentView.swift in Sources */,
				1564744E29CA8FD900964CA6 /* Interactor.swift in Sources */,
				1564745029CA8FF700964CA6 /* DesignTimeInteractor.swift in Sources */,
				1564743A29CA51AB00964CA6 /* MacGPTApp.swift in Sources */,
				1564745329CA984000964CA6 /* ChatBot.swift in Sources */,
			);
			runOnlyForDeploymentPostprocessing = 0;
		};
/* End PBXSourcesBuildPhase section */

/* Begin XCBuildConfiguration section */
		1564744329CA51AC00964CA6 /* Debug */ = {
			isa = XCBuildConfiguration;
			buildSettings = {
				ALWAYS_SEARCH_USER_PATHS = NO;
				CLANG_ANALYZER_NONNULL = YES;
				CLANG_ANALYZER_NUMBER_OBJECT_CONVERSION = YES_AGGRESSIVE;
				CLANG_CXX_LANGUAGE_STANDARD = "gnu++20";
				CLANG_ENABLE_MODULES = YES;
				CLANG_ENABLE_OBJC_ARC = YES;
				CLANG_ENABLE_OBJC_WEAK = YES;
				CLANG_WARN_BLOCK_CAPTURE_AUTORELEASING = YES;
				CLANG_WARN_BOOL_CONVERSION = YES;
				CLANG_WARN_COMMA = YES;
				CLANG_WARN_CONSTANT_CONVERSION = YES;
				CLANG_WARN_DEPRECATED_OBJC_IMPLEMENTATIONS = YES;
				CLANG_WARN_DIRECT_OBJC_ISA_USAGE = YES_ERROR;
				CLANG_WARN_DOCUMENTATION_COMMENTS = YES;
				CLANG_WARN_EMPTY_BODY = YES;
				CLANG_WARN_ENUM_CONVERSION = YES;
				CLANG_WARN_INFINITE_RECURSION = YES;
				CLANG_WARN_INT_CONVERSION = YES;
				CLANG_WARN_NON_LITERAL_NULL_CONVERSION = YES;
				CLANG_WARN_OBJC_IMPLICIT_RETAIN_SELF = YES;
				CLANG_WARN_OBJC_LITERAL_CONVERSION = YES;
				CLANG_WARN_OBJC_ROOT_CLASS = YES_ERROR;
				CLANG_WARN_QUOTED_INCLUDE_IN_FRAMEWORK_HEADER = YES;
				CLANG_WARN_RANGE_LOOP_ANALYSIS = YES;
				CLANG_WARN_STRICT_PROTOTYPES = YES;
				CLANG_WARN_SUSPICIOUS_MOVE = YES;
				CLANG_WARN_UNGUARDED_AVAILABILITY = YES_AGGRESSIVE;
				CLANG_WARN_UNREACHABLE_CODE = YES;
				CLANG_WARN__DUPLICATE_METHOD_MATCH = YES;
				COPY_PHASE_STRIP = NO;
				DEBUG_INFORMATION_FORMAT = dwarf;
				ENABLE_STRICT_OBJC_MSGSEND = YES;
				ENABLE_TESTABILITY = YES;
				GCC_C_LANGUAGE_STANDARD = gnu11;
				GCC_DYNAMIC_NO_PIC = NO;
				GCC_NO_COMMON_BLOCKS = YES;
				GCC_OPTIMIZATION_LEVEL = 0;
				GCC_PREPROCESSOR_DEFINITIONS = (
					"DEBUG=1",
					"$(inherited)",
				);
				GCC_WARN_64_TO_32_BIT_CONVERSION = YES;
				GCC_WARN_ABOUT_RETURN_TYPE = YES_ERROR;
				GCC_WARN_UNDECLARED_SELECTOR = YES;
				GCC_WARN_UNINITIALIZED_AUTOS = YES_AGGRESSIVE;
				GCC_WARN_UNUSED_FUNCTION = YES;
				GCC_WARN_UNUSED_VARIABLE = YES;
				MACOSX_DEPLOYMENT_TARGET = 13.1;
				MTL_ENABLE_DEBUG_INFO = INCLUDE_SOURCE;
				MTL_FAST_MATH = YES;
				ONLY_ACTIVE_ARCH = YES;
				SDKROOT = macosx;
				SWIFT_ACTIVE_COMPILATION_CONDITIONS = DEBUG;
				SWIFT_OPTIMIZATION_LEVEL = "-Onone";
			};
			name = Debug;
		};
		1564744429CA51AC00964CA6 /* Release */ = {
			isa = XCBuildConfiguration;
			buildSettings = {
				ALWAYS_SEARCH_USER_PATHS = NO;
				CLANG_ANALYZER_NONNULL = YES;
				CLANG_ANALYZER_NUMBER_OBJECT_CONVERSION = YES_AGGRESSIVE;
				CLANG_CXX_LANGUAGE_STANDARD = "gnu++20";
				CLANG_ENABLE_MODULES = YES;
				CLANG_ENABLE_OBJC_ARC = YES;
				CLANG_ENABLE_OBJC_WEAK = YES;
				CLANG_WARN_BLOCK_CAPTURE_AUTORELEASING = YES;
				CLANG_WARN_BOOL_CONVERSION = YES;
				CLANG_WARN_COMMA = YES;
				CLANG_WARN_CONSTANT_CONVERSION = YES;
				CLANG_WARN_DEPRECATED_OBJC_IMPLEMENTATIONS = YES;
				CLANG_WARN_DIRECT_OBJC_ISA_USAGE = YES_ERROR;
				CLANG_WARN_DOCUMENTATION_COMMENTS = YES;
				CLANG_WARN_EMPTY_BODY = YES;
				CLANG_WARN_ENUM_CONVERSION = YES;
				CLANG_WARN_INFINITE_RECURSION = YES;
				CLANG_WARN_INT_CONVERSION = YES;
				CLANG_WARN_NON_LITERAL_NULL_CONVERSION = YES;
				CLANG_WARN_OBJC_IMPLICIT_RETAIN_SELF = YES;
				CLANG_WARN_OBJC_LITERAL_CONVERSION = YES;
				CLANG_WARN_OBJC_ROOT_CLASS = YES_ERROR;
				CLANG_WARN_QUOTED_INCLUDE_IN_FRAMEWORK_HEADER = YES;
				CLANG_WARN_RANGE_LOOP_ANALYSIS = YES;
				CLANG_WARN_STRICT_PROTOTYPES = YES;
				CLANG_WARN_SUSPICIOUS_MOVE = YES;
				CLANG_WARN_UNGUARDED_AVAILABILITY = YES_AGGRESSIVE;
				CLANG_WARN_UNREACHABLE_CODE = YES;
				CLANG_WARN__DUPLICATE_METHOD_MATCH = YES;
				COPY_PHASE_STRIP = NO;
				DEBUG_INFORMATION_FORMAT = "dwarf-with-dsym";
				ENABLE_NS_ASSERTIONS = NO;
				ENABLE_STRICT_OBJC_MSGSEND = YES;
				GCC_C_LANGUAGE_STANDARD = gnu11;
				GCC_NO_COMMON_BLOCKS = YES;
				GCC_WARN_64_TO_32_BIT_CONVERSION = YES;
				GCC_WARN_ABOUT_RETURN_TYPE = YES_ERROR;
				GCC_WARN_UNDECLARED_SELECTOR = YES;
				GCC_WARN_UNINITIALIZED_AUTOS = YES_AGGRESSIVE;
				GCC_WARN_UNUSED_FUNCTION = YES;
				GCC_WARN_UNUSED_VARIABLE = YES;
				MACOSX_DEPLOYMENT_TARGET = 13.1;
				MTL_ENABLE_DEBUG_INFO = NO;
				MTL_FAST_MATH = YES;
				SDKROOT = macosx;
				SWIFT_COMPILATION_MODE = wholemodule;
				SWIFT_OPTIMIZATION_LEVEL = "-O";
			};
			name = Release;
		};
		1564744629CA51AC00964CA6 /* Debug */ = {
			isa = XCBuildConfiguration;
			buildSettings = {
				ASSETCATALOG_COMPILER_APPICON_NAME = AppIcon;
				ASSETCATALOG_COMPILER_GLOBAL_ACCENT_COLOR_NAME = AccentColor;
				CODE_SIGN_ENTITLEMENTS = MacGPT/MacGPT.entitlements;
				CODE_SIGN_STYLE = Automatic;
				COMBINE_HIDPI_IMAGES = YES;
				CURRENT_PROJECT_VERSION = 1;
				DEVELOPMENT_ASSET_PATHS = "\"MacGPT/Preview Content\"";
				ENABLE_PREVIEWS = YES;
				GENERATE_INFOPLIST_FILE = YES;
				INFOPLIST_KEY_NSHumanReadableCopyright = "";
				LD_RUNPATH_SEARCH_PATHS = (
					"$(inherited)",
					"@executable_path/../Frameworks",
				);
				MARKETING_VERSION = 1.0;
				PRODUCT_BUNDLE_IDENTIFIER = com.solidapps.MacGPT;
				PRODUCT_NAME = "$(TARGET_NAME)";
				SWIFT_EMIT_LOC_STRINGS = YES;
				SWIFT_VERSION = 5.0;
			};
			name = Debug;
		};
		1564744729CA51AC00964CA6 /* Release */ = {
			isa = XCBuildConfiguration;
			buildSettings = {
				ASSETCATALOG_COMPILER_APPICON_NAME = AppIcon;
				ASSETCATALOG_COMPILER_GLOBAL_ACCENT_COLOR_NAME = AccentColor;
				CODE_SIGN_ENTITLEMENTS = MacGPT/MacGPT.entitlements;
				CODE_SIGN_STYLE = Automatic;
				COMBINE_HIDPI_IMAGES = YES;
				CURRENT_PROJECT_VERSION = 1;
				DEVELOPMENT_ASSET_PATHS = "\"MacGPT/Preview Content\"";
				ENABLE_PREVIEWS = YES;
				GENERATE_INFOPLIST_FILE = YES;
				INFOPLIST_KEY_NSHumanReadableCopyright = "";
				LD_RUNPATH_SEARCH_PATHS = (
					"$(inherited)",
					"@executable_path/../Frameworks",
				);
				MARKETING_VERSION = 1.0;
				PRODUCT_BUNDLE_IDENTIFIER = com.solidapps.MacGPT;
				PRODUCT_NAME = "$(TARGET_NAME)";
				SWIFT_EMIT_LOC_STRINGS = YES;
				SWIFT_VERSION = 5.0;
			};
			name = Release;
		};
/* End XCBuildConfiguration section */

/* Begin XCConfigurationList section */
		1564743129CA51AB00964CA6 /* Build configuration list for PBXProject "MacGPT" */ = {
			isa = XCConfigurationList;
			buildConfigurations = (
				1564744329CA51AC00964CA6 /* Debug */,
				1564744429CA51AC00964CA6 /* Release */,
			);
			defaultConfigurationIsVisible = 0;
			defaultConfigurationName = Release;
		};
		1564744529CA51AC00964CA6 /* Build configuration list for PBXNativeTarget "MacGPT" */ = {
			isa = XCConfigurationList;
			buildConfigurations = (
				1564744629CA51AC00964CA6 /* Debug */,
				1564744729CA51AC00964CA6 /* Release */,
			);
			defaultConfigurationIsVisible = 0;
			defaultConfigurationName = Release;
		};
/* End XCConfigurationList section */

/* Begin XCRemoteSwiftPackageReference section */
		1564744829CA51CB00964CA6 /* XCRemoteSwiftPackageReference "ChatGPTSwift" */ = {
			isa = XCRemoteSwiftPackageReference;
			repositoryURL = "https://github.com/alfianlosari/ChatGPTSwift.git";
			requirement = {
				kind = upToNextMajorVersion;
				minimumVersion = 1.0.0;
			};
		};
/* End XCRemoteSwiftPackageReference section */

/* Begin XCSwiftPackageProductDependency section */
		1564744929CA51CC00964CA6 /* ChatGPTSwift */ = {
			isa = XCSwiftPackageProductDependency;
			package = 1564744829CA51CB00964CA6 /* XCRemoteSwiftPackageReference "ChatGPTSwift" */;
			productName = ChatGPTSwift;
		};
/* End XCSwiftPackageProductDependency section */
	};
	rootObject = 1564742E29CA51AB00964CA6 /* Project object */;
}
